
Microsoft Visual Studio Solution File, Format Version 12.00
# Visual Studio Version 17
VisualStudioVersion = 17.12.35527.113
MinimumVisualStudioVersion = 10.0.40219.1
Project("{FAE04EC0-301F-11D3-BF4B-00C04F79EFBC}") = "Dierentuin13", "DIERENTUIN13\Dierentuin13.csproj", "{AEE227B5-396F-44FD-9146-FEA22975CB8B}"
EndProject
Project("{FAE04EC0-301F-11D3-BF4B-00C04F79EFBC}") = "DIERENTUIN13.TESTS", "DIERENTUIN13.TESTS\DIERENTUIN13.TESTS.csproj", "{927915BE-0B24-440A-9FDA-791848F02EF9}"
EndProject
Global
	GlobalSection(SolutionConfigurationPlatforms) = preSolution
		Debug|Any CPU = Debug|Any CPU
		Release|Any CPU = Release|Any CPU
	EndGlobalSection
	GlobalSection(ProjectConfigurationPlatforms) = postSolution
		{AEE227B5-396F-44FD-9146-FEA22975CB8B}.Debug|Any CPU.ActiveCfg = Debug|Any CPU
		{AEE227B5-396F-44FD-9146-FEA22975CB8B}.Debug|Any CPU.Build.0 = Debug|Any CPU
		{AEE227B5-396F-44FD-9146-FEA22975CB8B}.Release|Any CPU.ActiveCfg = Release|Any CPU
		{AEE227B5-396F-44FD-9146-FEA22975CB8B}.Release|Any CPU.Build.0 = Release|Any CPU
		{927915BE-0B24-440A-9FDA-791848F02EF9}.Debug|Any CPU.ActiveCfg = Debug|Any CPU
		{927915BE-0B24-440A-9FDA-791848F02EF9}.Debug|Any CPU.Build.0 = Debug|Any CPU
		{927915BE-0B24-440A-9FDA-791848F02EF9}.Release|Any CPU.ActiveCfg = Release|Any CPU
		{927915BE-0B24-440A-9FDA-791848F02EF9}.Release|Any CPU.Build.0 = Release|Any CPU
	EndGlobalSection
	GlobalSection(SolutionProperties) = preSolution
		HideSolutionNode = FALSE
	EndGlobalSection
EndGlobal
